// !$*UTF8*$!
{
	archiveVersion = 1;
	classes = {
	};
	objectVersion = 46;
	objects = {

/* Begin PBXBuildFile section */
		5B03BEC21C9F4F8C00FFC519 /* Data_Structs_and_Algorithms.h in CopyFiles */ = {isa = PBXBuildFile; fileRef = 5B03BEC11C9F4F8C00FFC519 /* Data_Structs_and_Algorithms.h */; };
		5B03BEC41C9F4F8C00FFC519 /* Data_Structs_and_Algorithms.m in Sources */ = {isa = PBXBuildFile; fileRef = 5B03BEC31C9F4F8C00FFC519 /* Data_Structs_and_Algorithms.m */; };
/* End PBXBuildFile section */

/* Begin PBXCopyFilesBuildPhase section */
		5B03BEBC1C9F4F8C00FFC519 /* CopyFiles */ = {
			isa = PBXCopyFilesBuildPhase;
			buildActionMask = 2147483647;
			dstPath = "include/$(PRODUCT_NAME)";
			dstSubfolderSpec = 16;
			files = (
				5B03BEC21C9F4F8C00FFC519 /* Data_Structs_and_Algorithms.h in CopyFiles */,
			);
			runOnlyForDeploymentPostprocessing = 0;
		};
/* End PBXCopyFilesBuildPhase section */

/* Begin PBXFileReference section */
		5B03BEBE1C9F4F8C00FFC519 /* libData Structs and Algorithms.a */ = {isa = PBXFileReference; explicitFileType = archive.ar; includeInIndex = 0; path = "libData Structs and Algorithms.a"; sourceTree = BUILT_PRODUCTS_DIR; };
		5B03BEC11C9F4F8C00FFC519 /* Data_Structs_and_Algorithms.h */ = {isa = PBXFileReference; lastKnownFileType = sourcecode.c.h; path = Data_Structs_and_Algorithms.h; sourceTree = "<group>"; };
		5B03BEC31C9F4F8C00FFC519 /* Data_Structs_and_Algorithms.m */ = {isa = PBXFileReference; lastKnownFileType = sourcecode.c.objc; path = Data_Structs_and_Algorithms.m; sourceTree = "<group>"; };
/* End PBXFileReference section */

/* Begin PBXFrameworksBuildPhase section */
		5B03BEBB1C9F4F8C00FFC519 /* Frameworks */ = {
			isa = PBXFrameworksBuildPhase;
			buildActionMask = 2147483647;
			files = (
			);
			runOnlyForDeploymentPostprocessing = 0;
		};
/* End PBXFrameworksBuildPhase section */

/* Begin PBXGroup section */
		5B03BEB51C9F4F8C00FFC519 = {
			isa = PBXGroup;
			children = (
				5B03BEC01C9F4F8C00FFC519 /* Data Structs and Algorithms */,
				5B03BEBF1C9F4F8C00FFC519 /* Products */,
			);
			sourceTree = "<group>";
		};
		5B03BEBF1C9F4F8C00FFC519 /* Products */ = {
			isa = PBXGroup;
			children = (
				5B03BEBE1C9F4F8C00FFC519 /* libData Structs and Algorithms.a */,
			);
			name = Products;
			sourceTree = "<group>";
		};
		5B03BEC01C9F4F8C00FFC519 /* Data Structs and Algorithms */ = {
			isa = PBXGroup;
			children = (
				5B03BEC11C9F4F8C00FFC519 /* Data_Structs_and_Algorithms.h */,
				5B03BEC31C9F4F8C00FFC519 /* Data_Structs_and_Algorithms.m */,
			);
			path = "Data Structs and Algorithms";
			sourceTree = "<group>";
		};
/* End PBXGroup section */

/* Begin PBXNativeTarget section */
		5B03BEBD1C9F4F8C00FFC519 /* Data Structs and Algorithms */ = {
			isa = PBXNativeTarget;
			buildConfigurationList = 5B03BEC71C9F4F8C00FFC519 /* Build configuration list for PBXNativeTarget "Data Structs and Algorithms" */;
			buildPhases = (
				5B03BEBA1C9F4F8C00FFC519 /* Sources */,
				5B03BEBB1C9F4F8C00FFC519 /* Frameworks */,
				5B03BEBC1C9F4F8C00FFC519 /* CopyFiles */,
			);
			buildRules = (
			);
			dependencies = (
			);
			name = "Data Structs and Algorithms";
			productName = "Data Structs and Algorithms";
			productReference = 5B03BEBE1C9F4F8C00FFC519 /* libData Structs and Algorithms.a */;
			productType = "com.apple.product-type.library.static";
		};
/* End PBXNativeTarget section */

/* Begin PBXProject section */
		5B03BEB61C9F4F8C00FFC519 /* Project object */ = {
			isa = PBXProject;
			attributes = {
				LastUpgradeCheck = 0720;
				ORGANIZATIONNAME = LittleGiant;
				TargetAttributes = {
					5B03BEBD1C9F4F8C00FFC519 = {
						CreatedOnToolsVersion = 7.2.1;
					};
				};
			};
			buildConfigurationList = 5B03BEB91C9F4F8C00FFC519 /* Build configuration list for PBXProject "Data Structs and Algorithms" */;
			compatibilityVersion = "Xcode 3.2";
			developmentRegion = English;
			hasScannedForEncodings = 0;
			knownRegions = (
				en,
			);
			mainGroup = 5B03BEB51C9F4F8C00FFC519;
			productRefGroup = 5B03BEBF1C9F4F8C00FFC519 /* Products */;
			projectDirPath = "";
			projectRoot = "";
			targets = (
				5B03BEBD1C9F4F8C00FFC519 /* Data Structs and Algorithms */,
			);
		};
/* End PBXProject section */

/* Begin PBXSourcesBuildPhase section */
		5B03BEBA1C9F4F8C00FFC519 /* Sources */ = {
			isa = PBXSourcesBuildPhase;
			buildActionMask = 2147483647;
			files = (
				5B03BEC41C9F4F8C00FFC519 /* Data_Structs_and_Algorithms.m in Sources */,
			);
			runOnlyForDeploymentPostprocessing = 0;
		};
/* End PBXSourcesBuildPhase section */

/* Begin XCBuildConfiguration section */
		5B03BEC51C9F4F8C00FFC519 /* Debug */ = {
			isa = XCBuildConfiguration;
			buildSettings = {
				ALWAYS_SEARCH_USER_PATHS = NO;
				CLANG_CXX_LANGUAGE_STANDARD = "gnu++0x";
				CLANG_CXX_LIBRARY = "libc++";
				CLANG_ENABLE_MODULES = YES;
				CLANG_ENABLE_OBJC_ARC = YES;
				CLANG_WARN_BOOL_CONVERSION = YES;
				CLANG_WARN_CONSTANT_CONVERSION = YES;
				CLANG_WARN_DIRECT_OBJC_ISA_USAGE = YES_ERROR;
				CLANG_WARN_EMPTY_BODY = YES;
				CLANG_WARN_ENUM_CONVERSION = YES;
				CLANG_WARN_INT_CONVERSION = YES;
				CLANG_WARN_OBJC_ROOT_CLASS = YES_ERROR;
				CLANG_WARN_UNREACHABLE_CODE = YES;
				CLANG_WARN__DUPLICATE_METHOD_MATCH = YES;
				"CODE_SIGN_IDENTITY[sdk=iphoneos*]" = "iPhone Developer";
				COPY_PHASE_STRIP = NO;
				DEBUG_INFORMATION_FORMAT = dwarf;
				ENABLE_STRICT_OBJC_MSGSEND = YES;
				ENABLE_TESTABILITY = YES;
				GCC_C_LANGUAGE_STANDARD = gnu99;
				GCC_DYNAMIC_NO_PIC = NO;
				GCC_NO_COMMON_BLOCKS = YES;
				GCC_OPTIMIZATION_LEVEL = 0;
				GCC_PREPROCESSOR_DEFINITIONS = (
					"DEBUG=1",
					"$(inherited)",
				);
				GCC_WARN_64_TO_32_BIT_CONVERSION = YES;
				GCC_WARN_ABOUT_RETURN_TYPE = YES_ERROR;
				GCC_WARN_UNDECLARED_SELECTOR = YES;
				GCC_WARN_UNINITIALIZED_AUTOS = YES_AGGRESSIVE;
				GCC_WARN_UNUSED_FUNCTION = YES;
				GCC_WARN_UNUSED_VARIABLE = YES;
				IPHONEOS_DEPLOYMENT_TARGET = 9.2;
				MTL_ENABLE_DEBUG_INFO = YES;
				ONLY_ACTIVE_ARCH = YES;
				SDKROOT = iphoneos;
			};
			name = Debug;
		};
		5B03BEC61C9F4F8C00FFC519 /* Release */ = {
			isa = XCBuildConfiguration;
			buildSettings = {
				ALWAYS_SEARCH_USER_PATHS = NO;
				CLANG_CXX_LANGUAGE_STANDARD = "gnu++0x";
				CLANG_CXX_LIBRARY = "libc++";
				CLANG_ENABLE_MODULES = YES;
				CLANG_ENABLE_OBJC_ARC = YES;
				CLANG_WARN_BOOL_CONVERSION = YES;
				CLANG_WARN_CONSTANT_CONVERSION = YES;
				CLANG_WARN_DIRECT_OBJC_ISA_USAGE = YES_ERROR;
				CLANG_WARN_EMPTY_BODY = YES;
				CLANG_WARN_ENUM_CONVERSION = YES;
				CLANG_WARN_INT_CONVERSION = YES;
				CLANG_WARN_OBJC_ROOT_CLASS = YES_ERROR;
				CLANG_WARN_UNREACHABLE_CODE = YES;
				CLANG_WARN__DUPLICATE_METHOD_MATCH = YES;
				"CODE_SIGN_IDENTITY[sdk=iphoneos*]" = "iPhone Developer";
				COPY_PHASE_STRIP = NO;
				DEBUG_INFORMATION_FORMAT = "dwarf-with-dsym";
				ENABLE_NS_ASSERTIONS = NO;
				ENABLE_STRICT_OBJC_MSGSEND = YES;
				GCC_C_LANGUAGE_STANDARD = gnu99;
				GCC_NO_COMMON_BLOCKS = YES;
				GCC_WARN_64_TO_32_BIT_CONVERSION = YES;
				GCC_WARN_ABOUT_RETURN_TYPE = YES_ERROR;
				GCC_WARN_UNDECLARED_SELECTOR = YES;
				GCC_WARN_UNINITIALIZED_AUTOS = YES_AGGRESSIVE;
				GCC_WARN_UNUSED_FUNCTION = YES;
				GCC_WARN_UNUSED_VARIABLE = YES;
				IPHONEOS_DEPLOYMENT_TARGET = 9.2;
				MTL_ENABLE_DEBUG_INFO = NO;
				SDKROOT = iphoneos;
				VALIDATE_PRODUCT = YES;
			};
			name = Release;
		};
		5B03BEC81C9F4F8C00FFC519 /* Debug */ = {
			isa = XCBuildConfiguration;
			buildSettings = {
				OTHER_LDFLAGS = "-ObjC";
				PRODUCT_NAME = "$(TARGET_NAME)";
				SKIP_INSTALL = YES;
			};
			name = Debug;
		};
		5B03BEC91C9F4F8C00FFC519 /* Release */ = {
			isa = XCBuildConfiguration;
			buildSettings = {
				OTHER_LDFLAGS = "-ObjC";
				PRODUCT_NAME = "$(TARGET_NAME)";
				SKIP_INSTALL = YES;
			};
			name = Release;
		};
/* End XCBuildConfiguration section */

/* Begin XCConfigurationList section */
		5B03BEB91C9F4F8C00FFC519 /* Build configuration list for PBXProject "Data Structs and Algorithms" */ = {
			isa = XCConfigurationList;
			buildConfigurations = (
				5B03BEC51C9F4F8C00FFC519 /* Debug */,
				5B03BEC61C9F4F8C00FFC519 /* Release */,
			);
			defaultConfigurationIsVisible = 0;
			defaultConfigurationName = Release;
		};
		5B03BEC71C9F4F8C00FFC519 /* Build configuration list for PBXNativeTarget "Data Structs and Algorithms" */ = {
			isa = XCConfigurationList;
			buildConfigurations = (
				5B03BEC81C9F4F8C00FFC519 /* Debug */,
				5B03BEC91C9F4F8C00FFC519 /* Release */,
			);
			defaultConfigurationIsVisible = 0;
		};
/* End XCConfigurationList section */
	};
	rootObject = 5B03BEB61C9F4F8C00FFC519 /* Project object */;
}
